
Microsoft Visual Studio Solution File, Format Version 12.00
# Visual Studio Version 17
VisualStudioVersion = 17.5.002.0
MinimumVisualStudioVersion = 10.0.40219.1
Project("{9A19103F-16F7-4668-BE54-9A1E7A4F7556}") = "PlannerApi", "PlannerApi\PlannerApi.csproj", "{52623F2E-1C70-4D9D-8EFB-35750F7E0C62}"
EndProject
Global
	GlobalSection(SolutionConfigurationPlatforms) = preSolution
		Debug|Any CPU = Debug|Any CPU
		Release|Any CPU = Release|Any CPU
	EndGlobalSection
	GlobalSection(ProjectConfigurationPlatforms) = postSolution
		{52623F2E-1C70-4D9D-8EFB-35750F7E0C62}.Debug|Any CPU.ActiveCfg = Debug|Any CPU
		{52623F2E-1C70-4D9D-8EFB-35750F7E0C62}.Debug|Any CPU.Build.0 = Debug|Any CPU
		{52623F2E-1C70-4D9D-8EFB-35750F7E0C62}.Release|Any CPU.ActiveCfg = Release|Any CPU
		{52623F2E-1C70-4D9D-8EFB-35750F7E0C62}.Release|Any CPU.Build.0 = Release|Any CPU
	EndGlobalSection
	GlobalSection(SolutionProperties) = preSolution
		HideSolutionNode = FALSE
	EndGlobalSection
	GlobalSection(ExtensibilityGlobals) = postSolution
		SolutionGuid = {44EF8D29-5D2B-4DA6-8ECB-CC030938C66A}
	EndGlobalSection
EndGlobal
